
Microsoft Visual Studio Solution File, Format Version 12.00
# Visual Studio 15
VisualStudioVersion = 15.0.27428.1
MinimumVisualStudioVersion = 10.0.40219.1
Project("{8BC9CEB8-8B4A-11D0-8D11-00A0C91BC942}") = "GraphicsClient", "GraphicsClient.vcxproj", "{A9924152-8D03-4207-BE62-CE1F5A6ACBE9}"
EndProject
Global
	GlobalSection(SolutionConfigurationPlatforms) = preSolution
		Debug|x64 = Debug|x64
		Debug|x86 = Debug|x86
		Release|x64 = Release|x64
		Release|x86 = Release|x86
	EndGlobalSection
	GlobalSection(ProjectConfigurationPlatforms) = postSolution
		{A9924152-8D03-4207-BE62-CE1F5A6ACBE9}.Debug|x64.ActiveCfg = Debug|x64
		{A9924152-8D03-4207-BE62-CE1F5A6ACBE9}.Debug|x64.Build.0 = Debug|x64
		{A9924152-8D03-4207-BE62-CE1F5A6ACBE9}.Debug|x86.ActiveCfg = Debug|Win32
		{A9924152-8D03-4207-BE62-CE1F5A6ACBE9}.Debug|x86.Build.0 = Debug|Win32
		{A9924152-8D03-4207-BE62-CE1F5A6ACBE9}.Release|x64.ActiveCfg = Release|x64
		{A9924152-8D03-4207-BE62-CE1F5A6ACBE9}.Release|x64.Build.0 = Release|x64
		{A9924152-8D03-4207-BE62-CE1F5A6ACBE9}.Release|x86.ActiveCfg = Release|Win32
		{A9924152-8D03-4207-BE62-CE1F5A6ACBE9}.Release|x86.Build.0 = Release|Win32
	EndGlobalSection
	GlobalSection(SolutionProperties) = preSolution
		HideSolutionNode = FALSE
	EndGlobalSection
	GlobalSection(ExtensibilityGlobals) = postSolution
		SolutionGuid = {B857AEAF-DAB3-47FF-9CDD-051213D67728}
	EndGlobalSection
EndGlobal
